{
  "name": "npm-version-git-flow",
  "version": "0.0.0",
  "lockfileVersion": 1,
  "requires": true,
  "dependencies": {
    "commander": {
      "version": "2.20.3",
      "resolved": "https://registry.npmjs.org/commander/-/commander-2.20.3.tgz",
      "integrity": "sha512-GpVkmM8vF2vQUkj2LvZmD35JxeJOLCwJ9cUkugyk2nuhbv3+mJvpLYYt+0+USMxE+oj+ey/lJEnhZw75x/OMcQ=="
    },
    "git-flow-workflow": {
      "version": "1.0.0",
      "resolved": "https://registry.npmjs.org/git-flow-workflow/-/git-flow-workflow-1.0.0.tgz",
      "integrity": "sha512-yI+E2pYAMF4yuD8Bg6+yC12EApJWEl7EBKqPIYbtzakFaMtNFKwcTe8Eoc+qXf06tTxcCiTgvzeppBw7Ve2sQQ==",
      "requires": {
        "commander": "^2.19.0"
      }
    }
  }
}
